
Microsoft Visual Studio Solution File, Format Version 12.00
# Visual Studio Version 17
VisualStudioVersion = 17.2.32630.192
MinimumVisualStudioVersion = 10.0.40219.1
Project("{FAE04EC0-301F-11D3-BF4B-00C04F79EFBC}") = "LoginAzureActiveDirectoryB2C", "LoginAzureActiveDirectoryB2C\LoginAzureActiveDirectoryB2C.csproj", "{313711D6-A824-4132-A1B9-9563FBE5D743}"
EndProject
Global
	GlobalSection(SolutionConfigurationPlatforms) = preSolution
		Debug|Any CPU = Debug|Any CPU
		Release|Any CPU = Release|Any CPU
	EndGlobalSection
	GlobalSection(ProjectConfigurationPlatforms) = postSolution
		{313711D6-A824-4132-A1B9-9563FBE5D743}.Debug|Any CPU.ActiveCfg = Debug|Any CPU
		{313711D6-A824-4132-A1B9-9563FBE5D743}.Debug|Any CPU.Build.0 = Debug|Any CPU
		{313711D6-A824-4132-A1B9-9563FBE5D743}.Release|Any CPU.ActiveCfg = Release|Any CPU
		{313711D6-A824-4132-A1B9-9563FBE5D743}.Release|Any CPU.Build.0 = Release|Any CPU
	EndGlobalSection
	GlobalSection(SolutionProperties) = preSolution
		HideSolutionNode = FALSE
	EndGlobalSection
	GlobalSection(ExtensibilityGlobals) = postSolution
		SolutionGuid = {22538447-85A1-4222-ACDD-AF9598FD39CB}
	EndGlobalSection
EndGlobal
